// !$*UTF8*$!
{
	archiveVersion = 1;
	classes = {
	};
	objectVersion = 50;
	objects = {

/* Begin PBXBuildFile section */
		5344ADBE227D0AB8002EDBC9 /* CommentCell.m in Sources */ = {isa = PBXBuildFile; fileRef = 5344ADBD227D0AB8002EDBC9 /* CommentCell.m */; };
		5344ADC1227D2CF7002EDBC9 /* UILabel+YBAttributeTextTapAction.m in Sources */ = {isa = PBXBuildFile; fileRef = 5344ADBF227D2CF7002EDBC9 /* UILabel+YBAttributeTextTapAction.m */; };
		5344ADC4227D2E55002EDBC9 /* MyInfoController.m in Sources */ = {isa = PBXBuildFile; fileRef = 5344ADC3227D2E55002EDBC9 /* MyInfoController.m */; };
		53E64AA9227303B5002770EF /* AppDelegate.m in Sources */ = {isa = PBXBuildFile; fileRef = 53E64AA8227303B5002770EF /* AppDelegate.m */; };
		53E64AAC227303B5002770EF /* ViewController.m in Sources */ = {isa = PBXBuildFile; fileRef = 53E64AAB227303B5002770EF /* ViewController.m */; };
		53E64AAF227303B5002770EF /* Main.storyboard in Resources */ = {isa = PBXBuildFile; fileRef = 53E64AAD227303B5002770EF /* Main.storyboard */; };
		53E64AB1227303B6002770EF /* Assets.xcassets in Resources */ = {isa = PBXBuildFile; fileRef = 53E64AB0227303B6002770EF /* Assets.xcassets */; };
		53E64AB4227303B6002770EF /* LaunchScreen.storyboard in Resources */ = {isa = PBXBuildFile; fileRef = 53E64AB2227303B6002770EF /* LaunchScreen.storyboard */; };
		53E64AB7227303B6002770EF /* main.m in Sources */ = {isa = PBXBuildFile; fileRef = 53E64AB6227303B6002770EF /* main.m */; };
		53E64AC2227304B1002770EF /* icon3.jpg in Resources */ = {isa = PBXBuildFile; fileRef = 53E64ABD227304B0002770EF /* icon3.jpg */; };
		53E64AC3227304B1002770EF /* icon4.jpg in Resources */ = {isa = PBXBuildFile; fileRef = 53E64ABE227304B0002770EF /* icon4.jpg */; };
		53E64AC4227304B1002770EF /* icon2.jpg in Resources */ = {isa = PBXBuildFile; fileRef = 53E64ABF227304B1002770EF /* icon2.jpg */; };
		53E64AC5227304B1002770EF /* icon1.jpg in Resources */ = {isa = PBXBuildFile; fileRef = 53E64AC0227304B1002770EF /* icon1.jpg */; };
		53E64AC6227304B1002770EF /* icon0.jpg in Resources */ = {isa = PBXBuildFile; fileRef = 53E64AC1227304B1002770EF /* icon0.jpg */; };
		53E64AD02273050C002770EF /* 102.jpg in Resources */ = {isa = PBXBuildFile; fileRef = 53E64AC72273050B002770EF /* 102.jpg */; };
		53E64AD12273050C002770EF /* 104.jpg in Resources */ = {isa = PBXBuildFile; fileRef = 53E64AC82273050B002770EF /* 104.jpg */; };
		53E64AD22273050C002770EF /* 108.jpg in Resources */ = {isa = PBXBuildFile; fileRef = 53E64AC92273050B002770EF /* 108.jpg */; };
		53E64AD32273050C002770EF /* 105.jpg in Resources */ = {isa = PBXBuildFile; fileRef = 53E64ACA2273050B002770EF /* 105.jpg */; };
		53E64AD42273050C002770EF /* 103.jpg in Resources */ = {isa = PBXBuildFile; fileRef = 53E64ACB2273050B002770EF /* 103.jpg */; };
		53E64AD52273050C002770EF /* 100.jpg in Resources */ = {isa = PBXBuildFile; fileRef = 53E64ACC2273050C002770EF /* 100.jpg */; };
		53E64AD62273050C002770EF /* 107.jpg in Resources */ = {isa = PBXBuildFile; fileRef = 53E64ACD2273050C002770EF /* 107.jpg */; };
		53E64AD72273050C002770EF /* 106.jpg in Resources */ = {isa = PBXBuildFile; fileRef = 53E64ACE2273050C002770EF /* 106.jpg */; };
		53E64AD82273050C002770EF /* 101.jpg in Resources */ = {isa = PBXBuildFile; fileRef = 53E64ACF2273050C002770EF /* 101.jpg */; };
		53EC89A5227531D60018C4F9 /* FriendCircleModel.m in Sources */ = {isa = PBXBuildFile; fileRef = 53EC89A4227531D60018C4F9 /* FriendCircleModel.m */; };
		53EC89A8227532330018C4F9 /* FriendCircleFrameModel.m in Sources */ = {isa = PBXBuildFile; fileRef = 53EC89A7227532330018C4F9 /* FriendCircleFrameModel.m */; };
		53EC89AB227535C20018C4F9 /* CustomHeaderView.m in Sources */ = {isa = PBXBuildFile; fileRef = 53EC89AA227535C20018C4F9 /* CustomHeaderView.m */; };
		53EC89BD227559420018C4F9 /* CustomFooterView.m in Sources */ = {isa = PBXBuildFile; fileRef = 53EC89BC227559420018C4F9 /* CustomFooterView.m */; };
		7197F6D3486C2A678C1F29E7 /* libPods-AutoLayoutHeight.a in Frameworks */ = {isa = PBXBuildFile; fileRef = D551872938EE8A9CFF0A24C4 /* libPods-AutoLayoutHeight.a */; };
/* End PBXBuildFile section */

/* Begin PBXFileReference section */
		5344ADBC227D0AB8002EDBC9 /* CommentCell.h */ = {isa = PBXFileReference; lastKnownFileType = sourcecode.c.h; path = CommentCell.h; sourceTree = "<group>"; };
		5344ADBD227D0AB8002EDBC9 /* CommentCell.m */ = {isa = PBXFileReference; lastKnownFileType = sourcecode.c.objc; path = CommentCell.m; sourceTree = "<group>"; };
		5344ADBF227D2CF7002EDBC9 /* UILabel+YBAttributeTextTapAction.m */ = {isa = PBXFileReference; fileEncoding = 4; lastKnownFileType = sourcecode.c.objc; path = "UILabel+YBAttributeTextTapAction.m"; sourceTree = "<group>"; };
		5344ADC0227D2CF7002EDBC9 /* UILabel+YBAttributeTextTapAction.h */ = {isa = PBXFileReference; fileEncoding = 4; lastKnownFileType = sourcecode.c.h; path = "UILabel+YBAttributeTextTapAction.h"; sourceTree = "<group>"; };
		5344ADC2227D2E55002EDBC9 /* MyInfoController.h */ = {isa = PBXFileReference; lastKnownFileType = sourcecode.c.h; path = MyInfoController.h; sourceTree = "<group>"; };
		5344ADC3227D2E55002EDBC9 /* MyInfoController.m */ = {isa = PBXFileReference; lastKnownFileType = sourcecode.c.objc; path = MyInfoController.m; sourceTree = "<group>"; };
		53E64AA4227303B5002770EF /* AutoLayoutHeight.app */ = {isa = PBXFileReference; explicitFileType = wrapper.application; includeInIndex = 0; path = AutoLayoutHeight.app; sourceTree = BUILT_PRODUCTS_DIR; };
		53E64AA7227303B5002770EF /* AppDelegate.h */ = {isa = PBXFileReference; lastKnownFileType = sourcecode.c.h; path = AppDelegate.h; sourceTree = "<group>"; };
		53E64AA8227303B5002770EF /* AppDelegate.m */ = {isa = PBXFileReference; lastKnownFileType = sourcecode.c.objc; path = AppDelegate.m; sourceTree = "<group>"; };
		53E64AAA227303B5002770EF /* ViewController.h */ = {isa = PBXFileReference; lastKnownFileType = sourcecode.c.h; path = ViewController.h; sourceTree = "<group>"; };
		53E64AAB227303B5002770EF /* ViewController.m */ = {isa = PBXFileReference; lastKnownFileType = sourcecode.c.objc; path = ViewController.m; sourceTree = "<group>"; };
		53E64AAE227303B5002770EF /* Base */ = {isa = PBXFileReference; lastKnownFileType = file.storyboard; name = Base; path = Base.lproj/Main.storyboard; sourceTree = "<group>"; };
		53E64AB0227303B6002770EF /* Assets.xcassets */ = {isa = PBXFileReference; lastKnownFileType = folder.assetcatalog; path = Assets.xcassets; sourceTree = "<group>"; };
		53E64AB3227303B6002770EF /* Base */ = {isa = PBXFileReference; lastKnownFileType = file.storyboard; name = Base; path = Base.lproj/LaunchScreen.storyboard; sourceTree = "<group>"; };
		53E64AB5227303B6002770EF /* Info.plist */ = {isa = PBXFileReference; lastKnownFileType = text.plist.xml; path = Info.plist; sourceTree = "<group>"; };
		53E64AB6227303B6002770EF /* main.m */ = {isa = PBXFileReference; lastKnownFileType = sourcecode.c.objc; path = main.m; sourceTree = "<group>"; };
		53E64ABD227304B0002770EF /* icon3.jpg */ = {isa = PBXFileReference; lastKnownFileType = image.jpeg; path = icon3.jpg; sourceTree = "<group>"; };
		53E64ABE227304B0002770EF /* icon4.jpg */ = {isa = PBXFileReference; lastKnownFileType = image.jpeg; path = icon4.jpg; sourceTree = "<group>"; };
		53E64ABF227304B1002770EF /* icon2.jpg */ = {isa = PBXFileReference; lastKnownFileType = image.jpeg; path = icon2.jpg; sourceTree = "<group>"; };
		53E64AC0227304B1002770EF /* icon1.jpg */ = {isa = PBXFileReference; lastKnownFileType = image.jpeg; path = icon1.jpg; sourceTree = "<group>"; };
		53E64AC1227304B1002770EF /* icon0.jpg */ = {isa = PBXFileReference; lastKnownFileType = image.jpeg; path = icon0.jpg; sourceTree = "<group>"; };
		53E64AC72273050B002770EF /* 102.jpg */ = {isa = PBXFileReference; lastKnownFileType = image.jpeg; path = 102.jpg; sourceTree = "<group>"; };
		53E64AC82273050B002770EF /* 104.jpg */ = {isa = PBXFileReference; lastKnownFileType = image.jpeg; path = 104.jpg; sourceTree = "<group>"; };
		53E64AC92273050B002770EF /* 108.jpg */ = {isa = PBXFileReference; lastKnownFileType = image.jpeg; path = 108.jpg; sourceTree = "<group>"; };
		53E64ACA2273050B002770EF /* 105.jpg */ = {isa = PBXFileReference; lastKnownFileType = image.jpeg; path = 105.jpg; sourceTree = "<group>"; };
		53E64ACB2273050B002770EF /* 103.jpg */ = {isa = PBXFileReference; lastKnownFileType = image.jpeg; path = 103.jpg; sourceTree = "<group>"; };
		53E64ACC2273050C002770EF /* 100.jpg */ = {isa = PBXFileReference; lastKnownFileType = image.jpeg; path = 100.jpg; sourceTree = "<group>"; };
		53E64ACD2273050C002770EF /* 107.jpg */ = {isa = PBXFileReference; lastKnownFileType = image.jpeg; path = 107.jpg; sourceTree = "<group>"; };
		53E64ACE2273050C002770EF /* 106.jpg */ = {isa = PBXFileReference; lastKnownFileType = image.jpeg; path = 106.jpg; sourceTree = "<group>"; };
		53E64ACF2273050C002770EF /* 101.jpg */ = {isa = PBXFileReference; lastKnownFileType = image.jpeg; path = 101.jpg; sourceTree = "<group>"; };
		53EC89A3227531D60018C4F9 /* FriendCircleModel.h */ = {isa = PBXFileReference; lastKnownFileType = sourcecode.c.h; path = FriendCircleModel.h; sourceTree = "<group>"; };
		53EC89A4227531D60018C4F9 /* FriendCircleModel.m */ = {isa = PBXFileReference; lastKnownFileType = sourcecode.c.objc; path = FriendCircleModel.m; sourceTree = "<group>"; };
		53EC89A6227532330018C4F9 /* FriendCircleFrameModel.h */ = {isa = PBXFileReference; lastKnownFileType = sourcecode.c.h; path = FriendCircleFrameModel.h; sourceTree = "<group>"; };
		53EC89A7227532330018C4F9 /* FriendCircleFrameModel.m */ = {isa = PBXFileReference; lastKnownFileType = sourcecode.c.objc; path = FriendCircleFrameModel.m; sourceTree = "<group>"; };
		53EC89A9227535C20018C4F9 /* CustomHeaderView.h */ = {isa = PBXFileReference; lastKnownFileType = sourcecode.c.h; path = CustomHeaderView.h; sourceTree = "<group>"; };
		53EC89AA227535C20018C4F9 /* CustomHeaderView.m */ = {isa = PBXFileReference; lastKnownFileType = sourcecode.c.objc; path = CustomHeaderView.m; sourceTree = "<group>"; };
		53EC89BB227559420018C4F9 /* CustomFooterView.h */ = {isa = PBXFileReference; lastKnownFileType = sourcecode.c.h; path = CustomFooterView.h; sourceTree = "<group>"; };
		53EC89BC227559420018C4F9 /* CustomFooterView.m */ = {isa = PBXFileReference; lastKnownFileType = sourcecode.c.objc; path = CustomFooterView.m; sourceTree = "<group>"; };
		53EC89BF22756F630018C4F9 /* Header.h */ = {isa = PBXFileReference; lastKnownFileType = sourcecode.c.h; path = Header.h; sourceTree = "<group>"; };
		9082A3C5ADB4045EE1800FA2 /* Pods-AutoLayoutHeight.release.xcconfig */ = {isa = PBXFileReference; includeInIndex = 1; lastKnownFileType = text.xcconfig; name = "Pods-AutoLayoutHeight.release.xcconfig"; path = "Target Support Files/Pods-AutoLayoutHeight/Pods-AutoLayoutHeight.release.xcconfig"; sourceTree = "<group>"; };
		B27FC2B136D43A2A13765832 /* Pods-AutoLayoutHeight.debug.xcconfig */ = {isa = PBXFileReference; includeInIndex = 1; lastKnownFileType = text.xcconfig; name = "Pods-AutoLayoutHeight.debug.xcconfig"; path = "Target Support Files/Pods-AutoLayoutHeight/Pods-AutoLayoutHeight.debug.xcconfig"; sourceTree = "<group>"; };
		D551872938EE8A9CFF0A24C4 /* libPods-AutoLayoutHeight.a */ = {isa = PBXFileReference; explicitFileType = archive.ar; includeInIndex = 0; path = "libPods-AutoLayoutHeight.a"; sourceTree = BUILT_PRODUCTS_DIR; };
/* End PBXFileReference section */

/* Begin PBXFrameworksBuildPhase section */
		53E64AA1227303B5002770EF /* Frameworks */ = {
			isa = PBXFrameworksBuildPhase;
			buildActionMask = 2147483647;
			files = (
				7197F6D3486C2A678C1F29E7 /* libPods-AutoLayoutHeight.a in Frameworks */,
			);
			runOnlyForDeploymentPostprocessing = 0;
		};
/* End PBXFrameworksBuildPhase section */

/* Begin PBXGroup section */
		186C6E2A84EA320DE0B18DFE /* Pods */ = {
			isa = PBXGroup;
			children = (
				B27FC2B136D43A2A13765832 /* Pods-AutoLayoutHeight.debug.xcconfig */,
				9082A3C5ADB4045EE1800FA2 /* Pods-AutoLayoutHeight.release.xcconfig */,
			);
			path = Pods;
			sourceTree = "<group>";
		};
		53E64A9B227303B5002770EF = {
			isa = PBXGroup;
			children = (
				53E64AA6227303B5002770EF /* AutoLayoutHeight */,
				53E64AA5227303B5002770EF /* Products */,
				186C6E2A84EA320DE0B18DFE /* Pods */,
				9560A2810BC9E4B3628A1272 /* Frameworks */,
			);
			sourceTree = "<group>";
		};
		53E64AA5227303B5002770EF /* Products */ = {
			isa = PBXGroup;
			children = (
				53E64AA4227303B5002770EF /* AutoLayoutHeight.app */,
			);
			name = Products;
			sourceTree = "<group>";
		};
		53E64AA6227303B5002770EF /* AutoLayoutHeight */ = {
			isa = PBXGroup;
			children = (
				53E64ACC2273050C002770EF /* 100.jpg */,
				53E64ACF2273050C002770EF /* 101.jpg */,
				53E64AC72273050B002770EF /* 102.jpg */,
				53E64ACB2273050B002770EF /* 103.jpg */,
				53E64AC82273050B002770EF /* 104.jpg */,
				53E64ACA2273050B002770EF /* 105.jpg */,
				53E64ACE2273050C002770EF /* 106.jpg */,
				53E64ACD2273050C002770EF /* 107.jpg */,
				53E64AC92273050B002770EF /* 108.jpg */,
				53E64AC1227304B1002770EF /* icon0.jpg */,
				53E64AC0227304B1002770EF /* icon1.jpg */,
				53E64ABF227304B1002770EF /* icon2.jpg */,
				53E64ABD227304B0002770EF /* icon3.jpg */,
				53E64ABE227304B0002770EF /* icon4.jpg */,
				53E64AA7227303B5002770EF /* AppDelegate.h */,
				53E64AA8227303B5002770EF /* AppDelegate.m */,
				5344ADC2227D2E55002EDBC9 /* MyInfoController.h */,
				5344ADC3227D2E55002EDBC9 /* MyInfoController.m */,
				53E64AAA227303B5002770EF /* ViewController.h */,
				53E64AAB227303B5002770EF /* ViewController.m */,
				53EC89A3227531D60018C4F9 /* FriendCircleModel.h */,
				53EC89A4227531D60018C4F9 /* FriendCircleModel.m */,
				53EC89A6227532330018C4F9 /* FriendCircleFrameModel.h */,
				53EC89A7227532330018C4F9 /* FriendCircleFrameModel.m */,
				53EC89A9227535C20018C4F9 /* CustomHeaderView.h */,
				53EC89AA227535C20018C4F9 /* CustomHeaderView.m */,
				53EC89BB227559420018C4F9 /* CustomFooterView.h */,
				53EC89BC227559420018C4F9 /* CustomFooterView.m */,
				5344ADBC227D0AB8002EDBC9 /* CommentCell.h */,
				5344ADBD227D0AB8002EDBC9 /* CommentCell.m */,
				5344ADC0227D2CF7002EDBC9 /* UILabel+YBAttributeTextTapAction.h */,
				5344ADBF227D2CF7002EDBC9 /* UILabel+YBAttributeTextTapAction.m */,
				53EC89BF22756F630018C4F9 /* Header.h */,
				53E64AAD227303B5002770EF /* Main.storyboard */,
				53E64AB0227303B6002770EF /* Assets.xcassets */,
				53E64AB2227303B6002770EF /* LaunchScreen.storyboard */,
				53E64AB5227303B6002770EF /* Info.plist */,
				53E64AB6227303B6002770EF /* main.m */,
			);
			path = AutoLayoutHeight;
			sourceTree = "<group>";
		};
		9560A2810BC9E4B3628A1272 /* Frameworks */ = {
			isa = PBXGroup;
			children = (
				D551872938EE8A9CFF0A24C4 /* libPods-AutoLayoutHeight.a */,
			);
			name = Frameworks;
			sourceTree = "<group>";
		};
/* End PBXGroup section */

/* Begin PBXNativeTarget section */
		53E64AA3227303B5002770EF /* AutoLayoutHeight */ = {
			isa = PBXNativeTarget;
			buildConfigurationList = 53E64ABA227303B6002770EF /* Build configuration list for PBXNativeTarget "AutoLayoutHeight" */;
			buildPhases = (
				E20E395C22152064A83FB9B6 /* [CP] Check Pods Manifest.lock */,
				53E64AA0227303B5002770EF /* Sources */,
				53E64AA1227303B5002770EF /* Frameworks */,
				53E64AA2227303B5002770EF /* Resources */,
			);
			buildRules = (
			);
			dependencies = (
			);
			name = AutoLayoutHeight;
			productName = AutoLayoutHeight;
			productReference = 53E64AA4227303B5002770EF /* AutoLayoutHeight.app */;
			productType = "com.apple.product-type.application";
		};
/* End PBXNativeTarget section */

/* Begin PBXProject section */
		53E64A9C227303B5002770EF /* Project object */ = {
			isa = PBXProject;
			attributes = {
				LastUpgradeCheck = 1020;
				ORGANIZATIONNAME = "朱伟阁";
				TargetAttributes = {
					53E64AA3227303B5002770EF = {
						CreatedOnToolsVersion = 10.2.1;
					};
				};
			};
			buildConfigurationList = 53E64A9F227303B5002770EF /* Build configuration list for PBXProject "AutoLayoutHeight" */;
			compatibilityVersion = "Xcode 9.3";
			developmentRegion = en;
			hasScannedForEncodings = 0;
			knownRegions = (
				en,
				Base,
			);
			mainGroup = 53E64A9B227303B5002770EF;
			productRefGroup = 53E64AA5227303B5002770EF /* Products */;
			projectDirPath = "";
			projectRoot = "";
			targets = (
				53E64AA3227303B5002770EF /* AutoLayoutHeight */,
			);
		};
/* End PBXProject section */

/* Begin PBXResourcesBuildPhase section */
		53E64AA2227303B5002770EF /* Resources */ = {
			isa = PBXResourcesBuildPhase;
			buildActionMask = 2147483647;
			files = (
				53E64AD32273050C002770EF /* 105.jpg in Resources */,
				53E64AD02273050C002770EF /* 102.jpg in Resources */,
				53E64AD22273050C002770EF /* 108.jpg in Resources */,
				53E64AC2227304B1002770EF /* icon3.jpg in Resources */,
				53E64AC6227304B1002770EF /* icon0.jpg in Resources */,
				53E64AC5227304B1002770EF /* icon1.jpg in Resources */,
				53E64AB4227303B6002770EF /* LaunchScreen.storyboard in Resources */,
				53E64AD52273050C002770EF /* 100.jpg in Resources */,
				53E64AD42273050C002770EF /* 103.jpg in Resources */,
				53E64AD62273050C002770EF /* 107.jpg in Resources */,
				53E64AC3227304B1002770EF /* icon4.jpg in Resources */,
				53E64AB1227303B6002770EF /* Assets.xcassets in Resources */,
				53E64AD12273050C002770EF /* 104.jpg in Resources */,
				53E64AD82273050C002770EF /* 101.jpg in Resources */,
				53E64AD72273050C002770EF /* 106.jpg in Resources */,
				53E64AAF227303B5002770EF /* Main.storyboard in Resources */,
				53E64AC4227304B1002770EF /* icon2.jpg in Resources */,
			);
			runOnlyForDeploymentPostprocessing = 0;
		};
/* End PBXResourcesBuildPhase section */

/* Begin PBXShellScriptBuildPhase section */
		E20E395C22152064A83FB9B6 /* [CP] Check Pods Manifest.lock */ = {
			isa = PBXShellScriptBuildPhase;
			buildActionMask = 2147483647;
			files = (
			);
			inputFileListPaths = (
			);
			inputPaths = (
				"${PODS_PODFILE_DIR_PATH}/Podfile.lock",
				"${PODS_ROOT}/Manifest.lock",
			);
			name = "[CP] Check Pods Manifest.lock";
			outputFileListPaths = (
			);
			outputPaths = (
				"$(DERIVED_FILE_DIR)/Pods-AutoLayoutHeight-checkManifestLockResult.txt",
			);
			runOnlyForDeploymentPostprocessing = 0;
			shellPath = /bin/sh;
			shellScript = "diff \"${PODS_PODFILE_DIR_PATH}/Podfile.lock\" \"${PODS_ROOT}/Manifest.lock\" > /dev/null\nif [ $? != 0 ] ; then\n    # print error to STDERR\n    echo \"error: The sandbox is not in sync with the Podfile.lock. Run 'pod install' or update your CocoaPods installation.\" >&2\n    exit 1\nfi\n# This output is used by Xcode 'outputs' to avoid re-running this script phase.\necho \"SUCCESS\" > \"${SCRIPT_OUTPUT_FILE_0}\"\n";
			showEnvVarsInLog = 0;
		};
/* End PBXShellScriptBuildPhase section */

/* Begin PBXSourcesBuildPhase section */
		53E64AA0227303B5002770EF /* Sources */ = {
			isa = PBXSourcesBuildPhase;
			buildActionMask = 2147483647;
			files = (
				5344ADC1227D2CF7002EDBC9 /* UILabel+YBAttributeTextTapAction.m in Sources */,
				53EC89AB227535C20018C4F9 /* CustomHeaderView.m in Sources */,
				53EC89A8227532330018C4F9 /* FriendCircleFrameModel.m in Sources */,
				53EC89BD227559420018C4F9 /* CustomFooterView.m in Sources */,
				5344ADBE227D0AB8002EDBC9 /* CommentCell.m in Sources */,
				53E64AAC227303B5002770EF /* ViewController.m in Sources */,
				53EC89A5227531D60018C4F9 /* FriendCircleModel.m in Sources */,
				5344ADC4227D2E55002EDBC9 /* MyInfoController.m in Sources */,
				53E64AB7227303B6002770EF /* main.m in Sources */,
				53E64AA9227303B5002770EF /* AppDelegate.m in Sources */,
			);
			runOnlyForDeploymentPostprocessing = 0;
		};
/* End PBXSourcesBuildPhase section */

/* Begin PBXVariantGroup section */
		53E64AAD227303B5002770EF /* Main.storyboard */ = {
			isa = PBXVariantGroup;
			children = (
				53E64AAE227303B5002770EF /* Base */,
			);
			name = Main.storyboard;
			sourceTree = "<group>";
		};
		53E64AB2227303B6002770EF /* LaunchScreen.storyboard */ = {
			isa = PBXVariantGroup;
			children = (
				53E64AB3227303B6002770EF /* Base */,
			);
			name = LaunchScreen.storyboard;
			sourceTree = "<group>";
		};
/* End PBXVariantGroup section */

/* Begin XCBuildConfiguration section */
		53E64AB8227303B6002770EF /* Debug */ = {
			isa = XCBuildConfiguration;
			buildSettings = {
				ALWAYS_SEARCH_USER_PATHS = NO;
				CLANG_ANALYZER_NONNULL = YES;
				CLANG_ANALYZER_NUMBER_OBJECT_CONVERSION = YES_AGGRESSIVE;
				CLANG_CXX_LANGUAGE_STANDARD = "gnu++14";
				CLANG_CXX_LIBRARY = "libc++";
				CLANG_ENABLE_MODULES = YES;
				CLANG_ENABLE_OBJC_ARC = YES;
				CLANG_ENABLE_OBJC_WEAK = YES;
				CLANG_WARN_BLOCK_CAPTURE_AUTORELEASING = YES;
				CLANG_WARN_BOOL_CONVERSION = YES;
				CLANG_WARN_COMMA = YES;
				CLANG_WARN_CONSTANT_CONVERSION = YES;
				CLANG_WARN_DEPRECATED_OBJC_IMPLEMENTATIONS = YES;
				CLANG_WARN_DIRECT_OBJC_ISA_USAGE = YES_ERROR;
				CLANG_WARN_DOCUMENTATION_COMMENTS = YES;
				CLANG_WARN_EMPTY_BODY = YES;
				CLANG_WARN_ENUM_CONVERSION = YES;
				CLANG_WARN_INFINITE_RECURSION = YES;
				CLANG_WARN_INT_CONVERSION = YES;
				CLANG_WARN_NON_LITERAL_NULL_CONVERSION = YES;
				CLANG_WARN_OBJC_IMPLICIT_RETAIN_SELF = YES;
				CLANG_WARN_OBJC_LITERAL_CONVERSION = YES;
				CLANG_WARN_OBJC_ROOT_CLASS = YES_ERROR;
				CLANG_WARN_RANGE_LOOP_ANALYSIS = YES;
				CLANG_WARN_STRICT_PROTOTYPES = YES;
				CLANG_WARN_SUSPICIOUS_MOVE = YES;
				CLANG_WARN_UNGUARDED_AVAILABILITY = YES_AGGRESSIVE;
				CLANG_WARN_UNREACHABLE_CODE = YES;
				CLANG_WARN__DUPLICATE_METHOD_MATCH = YES;
				CODE_SIGN_IDENTITY = "iPhone Developer";
				COPY_PHASE_STRIP = NO;
				DEBUG_INFORMATION_FORMAT = dwarf;
				ENABLE_STRICT_OBJC_MSGSEND = YES;
				ENABLE_TESTABILITY = YES;
				GCC_C_LANGUAGE_STANDARD = gnu11;
				GCC_DYNAMIC_NO_PIC = NO;
				GCC_NO_COMMON_BLOCKS = YES;
				GCC_OPTIMIZATION_LEVEL = 0;
				GCC_PREPROCESSOR_DEFINITIONS = (
					"DEBUG=1",
					"$(inherited)",
				);
				GCC_WARN_64_TO_32_BIT_CONVERSION = YES;
				GCC_WARN_ABOUT_RETURN_TYPE = YES_ERROR;
				GCC_WARN_UNDECLARED_SELECTOR = YES;
				GCC_WARN_UNINITIALIZED_AUTOS = YES_AGGRESSIVE;
				GCC_WARN_UNUSED_FUNCTION = YES;
				GCC_WARN_UNUSED_VARIABLE = YES;
				IPHONEOS_DEPLOYMENT_TARGET = 12.2;
				MTL_ENABLE_DEBUG_INFO = INCLUDE_SOURCE;
				MTL_FAST_MATH = YES;
				ONLY_ACTIVE_ARCH = YES;
				SDKROOT = iphoneos;
			};
			name = Debug;
		};
		53E64AB9227303B6002770EF /* Release */ = {
			isa = XCBuildConfiguration;
			buildSettings = {
				ALWAYS_SEARCH_USER_PATHS = NO;
				CLANG_ANALYZER_NONNULL = YES;
				CLANG_ANALYZER_NUMBER_OBJECT_CONVERSION = YES_AGGRESSIVE;
				CLANG_CXX_LANGUAGE_STANDARD = "gnu++14";
				CLANG_CXX_LIBRARY = "libc++";
				CLANG_ENABLE_MODULES = YES;
				CLANG_ENABLE_OBJC_ARC = YES;
				CLANG_ENABLE_OBJC_WEAK = YES;
				CLANG_WARN_BLOCK_CAPTURE_AUTORELEASING = YES;
				CLANG_WARN_BOOL_CONVERSION = YES;
				CLANG_WARN_COMMA = YES;
				CLANG_WARN_CONSTANT_CONVERSION = YES;
				CLANG_WARN_DEPRECATED_OBJC_IMPLEMENTATIONS = YES;
				CLANG_WARN_DIRECT_OBJC_ISA_USAGE = YES_ERROR;
				CLANG_WARN_DOCUMENTATION_COMMENTS = YES;
				CLANG_WARN_EMPTY_BODY = YES;
				CLANG_WARN_ENUM_CONVERSION = YES;
				CLANG_WARN_INFINITE_RECURSION = YES;
				CLANG_WARN_INT_CONVERSION = YES;
				CLANG_WARN_NON_LITERAL_NULL_CONVERSION = YES;
				CLANG_WARN_OBJC_IMPLICIT_RETAIN_SELF = YES;
				CLANG_WARN_OBJC_LITERAL_CONVERSION = YES;
				CLANG_WARN_OBJC_ROOT_CLASS = YES_ERROR;
				CLANG_WARN_RANGE_LOOP_ANALYSIS = YES;
				CLANG_WARN_STRICT_PROTOTYPES = YES;
				CLANG_WARN_SUSPICIOUS_MOVE = YES;
				CLANG_WARN_UNGUARDED_AVAILABILITY = YES_AGGRESSIVE;
				CLANG_WARN_UNREACHABLE_CODE = YES;
				CLANG_WARN__DUPLICATE_METHOD_MATCH = YES;
				CODE_SIGN_IDENTITY = "iPhone Developer";
				COPY_PHASE_STRIP = NO;
				DEBUG_INFORMATION_FORMAT = "dwarf-with-dsym";
				ENABLE_NS_ASSERTIONS = NO;
				ENABLE_STRICT_OBJC_MSGSEND = YES;
				GCC_C_LANGUAGE_STANDARD = gnu11;
				GCC_NO_COMMON_BLOCKS = YES;
				GCC_WARN_64_TO_32_BIT_CONVERSION = YES;
				GCC_WARN_ABOUT_RETURN_TYPE = YES_ERROR;
				GCC_WARN_UNDECLARED_SELECTOR = YES;
				GCC_WARN_UNINITIALIZED_AUTOS = YES_AGGRESSIVE;
				GCC_WARN_UNUSED_FUNCTION = YES;
				GCC_WARN_UNUSED_VARIABLE = YES;
				IPHONEOS_DEPLOYMENT_TARGET = 12.2;
				MTL_ENABLE_DEBUG_INFO = NO;
				MTL_FAST_MATH = YES;
				SDKROOT = iphoneos;
				VALIDATE_PRODUCT = YES;
			};
			name = Release;
		};
		53E64ABB227303B6002770EF /* Debug */ = {
			isa = XCBuildConfiguration;
			baseConfigurationReference = B27FC2B136D43A2A13765832 /* Pods-AutoLayoutHeight.debug.xcconfig */;
			buildSettings = {
				ASSETCATALOG_COMPILER_APPICON_NAME = AppIcon;
				CODE_SIGN_STYLE = Automatic;
				DEVELOPMENT_TEAM = NSM5Q57Z28;
				INFOPLIST_FILE = AutoLayoutHeight/Info.plist;
				LD_RUNPATH_SEARCH_PATHS = (
					"$(inherited)",
					"@executable_path/Frameworks",
				);
				PRODUCT_BUNDLE_IDENTIFIER = com.xingfen.AutoLayoutHeight;
				PRODUCT_NAME = "$(TARGET_NAME)";
				TARGETED_DEVICE_FAMILY = "1,2";
			};
			name = Debug;
		};
		53E64ABC227303B6002770EF /* Release */ = {
			isa = XCBuildConfiguration;
			baseConfigurationReference = 9082A3C5ADB4045EE1800FA2 /* Pods-AutoLayoutHeight.release.xcconfig */;
			buildSettings = {
				ASSETCATALOG_COMPILER_APPICON_NAME = AppIcon;
				CODE_SIGN_STYLE = Automatic;
				DEVELOPMENT_TEAM = NSM5Q57Z28;
				INFOPLIST_FILE = AutoLayoutHeight/Info.plist;
				LD_RUNPATH_SEARCH_PATHS = (
					"$(inherited)",
					"@executable_path/Frameworks",
				);
				PRODUCT_BUNDLE_IDENTIFIER = com.xingfen.AutoLayoutHeight;
				PRODUCT_NAME = "$(TARGET_NAME)";
				TARGETED_DEVICE_FAMILY = "1,2";
			};
			name = Release;
		};
/* End XCBuildConfiguration section */

/* Begin XCConfigurationList section */
		53E64A9F227303B5002770EF /* Build configuration list for PBXProject "AutoLayoutHeight" */ = {
			isa = XCConfigurationList;
			buildConfigurations = (
				53E64AB8227303B6002770EF /* Debug */,
				53E64AB9227303B6002770EF /* Release */,
			);
			defaultConfigurationIsVisible = 0;
			defaultConfigurationName = Release;
		};
		53E64ABA227303B6002770EF /* Build configuration list for PBXNativeTarget "AutoLayoutHeight" */ = {
			isa = XCConfigurationList;
			buildConfigurations = (
				53E64ABB227303B6002770EF /* Debug */,
				53E64ABC227303B6002770EF /* Release */,
			);
			defaultConfigurationIsVisible = 0;
			defaultConfigurationName = Release;
		};
/* End XCConfigurationList section */
	};
	rootObject = 53E64A9C227303B5002770EF /* Project object */;
}
